
Microsoft Visual Studio Solution File, Format Version 12.00
# Visual Studio Version 17
VisualStudioVersion = 17.14.36414.22 d17.14
MinimumVisualStudioVersion = 10.0.40219.1
Project("{FAE04EC0-301F-11D3-BF4B-00C04F79EFBC}") = "WEB_API_CORE", "WEB_API_CORE\WEB_API_CORE.csproj", "{59E4B3EC-FFF8-40C0-9698-DFC47050A0F6}"
EndProject
Global
	GlobalSection(SolutionConfigurationPlatforms) = preSolution
		Debug|Any CPU = Debug|Any CPU
		Release|Any CPU = Release|Any CPU
	EndGlobalSection
	GlobalSection(ProjectConfigurationPlatforms) = postSolution
		{59E4B3EC-FFF8-40C0-9698-DFC47050A0F6}.Debug|Any CPU.ActiveCfg = Debug|Any CPU
		{59E4B3EC-FFF8-40C0-9698-DFC47050A0F6}.Debug|Any CPU.Build.0 = Debug|Any CPU
		{59E4B3EC-FFF8-40C0-9698-DFC47050A0F6}.Release|Any CPU.ActiveCfg = Release|Any CPU
		{59E4B3EC-FFF8-40C0-9698-DFC47050A0F6}.Release|Any CPU.Build.0 = Release|Any CPU
	EndGlobalSection
	GlobalSection(SolutionProperties) = preSolution
		HideSolutionNode = FALSE
	EndGlobalSection
	GlobalSection(ExtensibilityGlobals) = postSolution
		SolutionGuid = {9FC5B5EA-227F-4223-95B6-2C6BD9858EA6}
	EndGlobalSection
EndGlobal
